PODS:
  - LEFrameworks (0.3.1)
  - LEImageFrameworks (0.1.0):
    - LEFrameworks
    - SDWebImage
  - SDWebImage (3.8.1):
    - SDWebImage/Core (= 3.8.1)
  - SDWebImage/Core (3.8.1)

DEPENDENCIES:
  - LEImageFrameworks (from `../`)
  - SDWebImage

EXTERNAL SOURCES:
  LEImageFrameworks:
    :path: ../

SPEC CHECKSUMS:
  LEFrameworks: a2b43633454c7ea187d7a3b797b937e16edcf151
  LEImageFrameworks: 88293bc9695b7d8c138c51999ef92f4283054bc8
  SDWebImage: 35f9627a3e44b4f292a8a8ce6a531fa488239b91

PODFILE CHECKSUM: dab3c4d6ea5afcd3d1e1390ba03f32350259e3fd

COCOAPODS: 1.0.1
